# This file is autogenerated, do not edit; changes may be undone by the next 'dep ensure'.


[[projects]]
  branch = "master"
  name = "github.com/flimzy/go-sql.js"
  packages = [
    ".",
    "bindings"
  ]
  revision = "c7e22c0fd6e9ef291006bfa73b4aec250e905cca"

[[projects]]
  branch = "master"
  name = "github.com/gopherjs/gopherjs"
  packages = ["js"]
  revision = "b40cd48c38f9a18eb3db20d163bad78de12cf0b7"

[[projects]]
  branch = "master"
  name = "github.com/jmoiron/sqlx"
  packages = [
    ".",
    "reflectx"
  ]
  revision = "d9bd385d68c068f1fabb5057e3dedcbcbb039d0f"

[[projects]]
  name = "github.com/mattn/go-sqlite3"
  packages = ["."]
  revision = "ca5e3819723d8eeaf170ad510e7da1d6d2e94a08"
  version = "v1.2.0"

[[projects]]
  branch = "master"
  name = "github.com/tkrajina/anki"
  packages = ["."]
  revision = "6e8fe183f393c282a8f4b40f1424a8ef2ef7e649"

[[projects]]
  branch = "master"
  name = "golang.org/x/net"
  packages = ["context"]
  revision = "0744d001aa8470aaa53df28d32e5ceeb8af9bd70"

[solve-meta]
  analyzer-name = "dep"
  analyzer-version = 1
  inputs-digest = "aa213c07607e6422ee48fd0b8afc69365f4eda5d3dafd38d73fd60c71580bdf7"
  solver-name = "gps-cdcl"
  solver-version = 1
